// !$*UTF8*$!
{
	archiveVersion = 1;
	classes = {
	};
	objectVersion = 50;
	objects = {

/* Begin PBXBuildFile section */
		311D9F65E77D808ADC29C5A7 /* Pods_ios_exercise.framework in Frameworks */ = {isa = PBXBuildFile; fileRef = 422E830C8ED8BAADB7188071 /* Pods_ios_exercise.framework */; };
		B33813F32180316300DD0999 /* AppDelegate.swift in Sources */ = {isa = PBXBuildFile; fileRef = B33813F22180316300DD0999 /* AppDelegate.swift */; };
		B33813F52180316300DD0999 /* ViewController.swift in Sources */ = {isa = PBXBuildFile; fileRef = B33813F42180316300DD0999 /* ViewController.swift */; };
		B33813F82180316300DD0999 /* Main.storyboard in Resources */ = {isa = PBXBuildFile; fileRef = B33813F62180316300DD0999 /* Main.storyboard */; };
		B33813FA2180316400DD0999 /* Assets.xcassets in Resources */ = {isa = PBXBuildFile; fileRef = B33813F92180316400DD0999 /* Assets.xcassets */; };
		B33813FD2180316400DD0999 /* LaunchScreen.storyboard in Resources */ = {isa = PBXBuildFile; fileRef = B33813FB2180316400DD0999 /* LaunchScreen.storyboard */; };
		B33814082180316400DD0999 /* ios_exerciseTests.swift in Sources */ = {isa = PBXBuildFile; fileRef = B33814072180316400DD0999 /* ios_exerciseTests.swift */; };
		B33814132180316400DD0999 /* ios_exerciseUITests.swift in Sources */ = {isa = PBXBuildFile; fileRef = B33814122180316400DD0999 /* ios_exerciseUITests.swift */; };
		DE86CDF8163BEAB817AEA1A1 /* Pods_ios_exerciseUITests.framework in Frameworks */ = {isa = PBXBuildFile; fileRef = 4A9EEBB5F3454B11E2A08FDA /* Pods_ios_exerciseUITests.framework */; };
		E7C1AB9AC4E3497BDD2AA801 /* Pods_ios_exerciseTests.framework in Frameworks */ = {isa = PBXBuildFile; fileRef = E3C3D67D97A66AC965B045D0 /* Pods_ios_exerciseTests.framework */; };
/* End PBXBuildFile section */

/* Begin PBXContainerItemProxy section */
		B33814042180316400DD0999 /* PBXContainerItemProxy */ = {
			isa = PBXContainerItemProxy;
			containerPortal = B33813E72180316200DD0999 /* Project object */;
			proxyType = 1;
			remoteGlobalIDString = B33813EE2180316300DD0999;
			remoteInfo = "ios exercise";
		};
		B338140F2180316400DD0999 /* PBXContainerItemProxy */ = {
			isa = PBXContainerItemProxy;
			containerPortal = B33813E72180316200DD0999 /* Project object */;
			proxyType = 1;
			remoteGlobalIDString = B33813EE2180316300DD0999;
			remoteInfo = "ios exercise";
		};
/* End PBXContainerItemProxy section */

/* Begin PBXFileReference section */
		19F224B2497106FFAA668C67 /* Pods-ios exerciseUITests.debug.xcconfig */ = {isa = PBXFileReference; includeInIndex = 1; lastKnownFileType = text.xcconfig; name = "Pods-ios exerciseUITests.debug.xcconfig"; path = "Pods/Target Support Files/Pods-ios exerciseUITests/Pods-ios exerciseUITests.debug.xcconfig"; sourceTree = "<group>"; };
		39B086B432C825A7B865831C /* Pods-ios exerciseTests.release.xcconfig */ = {isa = PBXFileReference; includeInIndex = 1; lastKnownFileType = text.xcconfig; name = "Pods-ios exerciseTests.release.xcconfig"; path = "Pods/Target Support Files/Pods-ios exerciseTests/Pods-ios exerciseTests.release.xcconfig"; sourceTree = "<group>"; };
		422E830C8ED8BAADB7188071 /* Pods_ios_exercise.framework */ = {isa = PBXFileReference; explicitFileType = wrapper.framework; includeInIndex = 0; path = Pods_ios_exercise.framework; sourceTree = BUILT_PRODUCTS_DIR; };
		4A9EEBB5F3454B11E2A08FDA /* Pods_ios_exerciseUITests.framework */ = {isa = PBXFileReference; explicitFileType = wrapper.framework; includeInIndex = 0; path = Pods_ios_exerciseUITests.framework; sourceTree = BUILT_PRODUCTS_DIR; };
		594B2969CB9826DBC9F9ECFA /* Pods-ios exercise.debug.xcconfig */ = {isa = PBXFileReference; includeInIndex = 1; lastKnownFileType = text.xcconfig; name = "Pods-ios exercise.debug.xcconfig"; path = "Pods/Target Support Files/Pods-ios exercise/Pods-ios exercise.debug.xcconfig"; sourceTree = "<group>"; };
		9F5E702EFD9C7ECCE395D31F /* Pods-ios exercise.release.xcconfig */ = {isa = PBXFileReference; includeInIndex = 1; lastKnownFileType = text.xcconfig; name = "Pods-ios exercise.release.xcconfig"; path = "Pods/Target Support Files/Pods-ios exercise/Pods-ios exercise.release.xcconfig"; sourceTree = "<group>"; };
		B33813EF2180316300DD0999 /* ios exercise.app */ = {isa = PBXFileReference; explicitFileType = wrapper.application; includeInIndex = 0; path = "ios exercise.app"; sourceTree = BUILT_PRODUCTS_DIR; };
		B33813F22180316300DD0999 /* AppDelegate.swift */ = {isa = PBXFileReference; lastKnownFileType = sourcecode.swift; path = AppDelegate.swift; sourceTree = "<group>"; };
		B33813F42180316300DD0999 /* ViewController.swift */ = {isa = PBXFileReference; lastKnownFileType = sourcecode.swift; path = ViewController.swift; sourceTree = "<group>"; };
		B33813F72180316300DD0999 /* Base */ = {isa = PBXFileReference; lastKnownFileType = file.storyboard; name = Base; path = Base.lproj/Main.storyboard; sourceTree = "<group>"; };
		B33813F92180316400DD0999 /* Assets.xcassets */ = {isa = PBXFileReference; lastKnownFileType = folder.assetcatalog; path = Assets.xcassets; sourceTree = "<group>"; };
		B33813FC2180316400DD0999 /* Base */ = {isa = PBXFileReference; lastKnownFileType = file.storyboard; name = Base; path = Base.lproj/LaunchScreen.storyboard; sourceTree = "<group>"; };
		B33813FE2180316400DD0999 /* Info.plist */ = {isa = PBXFileReference; lastKnownFileType = text.plist.xml; path = Info.plist; sourceTree = "<group>"; };
		B33814032180316400DD0999 /* ios exerciseTests.xctest */ = {isa = PBXFileReference; explicitFileType = wrapper.cfbundle; includeInIndex = 0; path = "ios exerciseTests.xctest"; sourceTree = BUILT_PRODUCTS_DIR; };
		B33814072180316400DD0999 /* ios_exerciseTests.swift */ = {isa = PBXFileReference; lastKnownFileType = sourcecode.swift; path = ios_exerciseTests.swift; sourceTree = "<group>"; };
		B33814092180316400DD0999 /* Info.plist */ = {isa = PBXFileReference; lastKnownFileType = text.plist.xml; path = Info.plist; sourceTree = "<group>"; };
		B338140E2180316400DD0999 /* ios exerciseUITests.xctest */ = {isa = PBXFileReference; explicitFileType = wrapper.cfbundle; includeInIndex = 0; path = "ios exerciseUITests.xctest"; sourceTree = BUILT_PRODUCTS_DIR; };
		B33814122180316400DD0999 /* ios_exerciseUITests.swift */ = {isa = PBXFileReference; lastKnownFileType = sourcecode.swift; path = ios_exerciseUITests.swift; sourceTree = "<group>"; };
		B33814142180316400DD0999 /* Info.plist */ = {isa = PBXFileReference; lastKnownFileType = text.plist.xml; path = Info.plist; sourceTree = "<group>"; };
		C2E23D4507AA2F2BC47CAC52 /* Pods-ios exerciseTests.debug.xcconfig */ = {isa = PBXFileReference; includeInIndex = 1; lastKnownFileType = text.xcconfig; name = "Pods-ios exerciseTests.debug.xcconfig"; path = "Pods/Target Support Files/Pods-ios exerciseTests/Pods-ios exerciseTests.debug.xcconfig"; sourceTree = "<group>"; };
		E3C3D67D97A66AC965B045D0 /* Pods_ios_exerciseTests.framework */ = {isa = PBXFileReference; explicitFileType = wrapper.framework; includeInIndex = 0; path = Pods_ios_exerciseTests.framework; sourceTree = BUILT_PRODUCTS_DIR; };
		ED831A441D66922E36CF227D /* Pods-ios exerciseUITests.release.xcconfig */ = {isa = PBXFileReference; includeInIndex = 1; lastKnownFileType = text.xcconfig; name = "Pods-ios exerciseUITests.release.xcconfig"; path = "Pods/Target Support Files/Pods-ios exerciseUITests/Pods-ios exerciseUITests.release.xcconfig"; sourceTree = "<group>"; };
/* End PBXFileReference section */

/* Begin PBXFrameworksBuildPhase section */
		B33813EC2180316300DD0999 /* Frameworks */ = {
			isa = PBXFrameworksBuildPhase;
			buildActionMask = 2147483647;
			files = (
				311D9F65E77D808ADC29C5A7 /* Pods_ios_exercise.framework in Frameworks */,
			);
			runOnlyForDeploymentPostprocessing = 0;
		};
		B33814002180316400DD0999 /* Frameworks */ = {
			isa = PBXFrameworksBuildPhase;
			buildActionMask = 2147483647;
			files = (
				E7C1AB9AC4E3497BDD2AA801 /* Pods_ios_exerciseTests.framework in Frameworks */,
			);
			runOnlyForDeploymentPostprocessing = 0;
		};
		B338140B2180316400DD0999 /* Frameworks */ = {
			isa = PBXFrameworksBuildPhase;
			buildActionMask = 2147483647;
			files = (
				DE86CDF8163BEAB817AEA1A1 /* Pods_ios_exerciseUITests.framework in Frameworks */,
			);
			runOnlyForDeploymentPostprocessing = 0;
		};
/* End PBXFrameworksBuildPhase section */

/* Begin PBXGroup section */
		1451E451FA13D39B4BF2448B /* Frameworks */ = {
			isa = PBXGroup;
			children = (
				422E830C8ED8BAADB7188071 /* Pods_ios_exercise.framework */,
				E3C3D67D97A66AC965B045D0 /* Pods_ios_exerciseTests.framework */,
				4A9EEBB5F3454B11E2A08FDA /* Pods_ios_exerciseUITests.framework */,
			);
			name = Frameworks;
			sourceTree = "<group>";
		};
		53433346E88CC4F9578B551F /* Pods */ = {
			isa = PBXGroup;
			children = (
				594B2969CB9826DBC9F9ECFA /* Pods-ios exercise.debug.xcconfig */,
				9F5E702EFD9C7ECCE395D31F /* Pods-ios exercise.release.xcconfig */,
				C2E23D4507AA2F2BC47CAC52 /* Pods-ios exerciseTests.debug.xcconfig */,
				39B086B432C825A7B865831C /* Pods-ios exerciseTests.release.xcconfig */,
				19F224B2497106FFAA668C67 /* Pods-ios exerciseUITests.debug.xcconfig */,
				ED831A441D66922E36CF227D /* Pods-ios exerciseUITests.release.xcconfig */,
			);
			name = Pods;
			sourceTree = "<group>";
		};
		B33813E62180316200DD0999 = {
			isa = PBXGroup;
			children = (
				B33813F12180316300DD0999 /* ios exercise */,
				B33814062180316400DD0999 /* ios exerciseTests */,
				B33814112180316400DD0999 /* ios exerciseUITests */,
				B33813F02180316300DD0999 /* Products */,
				53433346E88CC4F9578B551F /* Pods */,
				1451E451FA13D39B4BF2448B /* Frameworks */,
			);
			sourceTree = "<group>";
		};
		B33813F02180316300DD0999 /* Products */ = {
			isa = PBXGroup;
			children = (
				B33813EF2180316300DD0999 /* ios exercise.app */,
				B33814032180316400DD0999 /* ios exerciseTests.xctest */,
				B338140E2180316400DD0999 /* ios exerciseUITests.xctest */,
			);
			name = Products;
			sourceTree = "<group>";
		};
		B33813F12180316300DD0999 /* ios exercise */ = {
			isa = PBXGroup;
			children = (
				B33813F22180316300DD0999 /* AppDelegate.swift */,
				B33813F42180316300DD0999 /* ViewController.swift */,
				B33813F62180316300DD0999 /* Main.storyboard */,
				B33813F92180316400DD0999 /* Assets.xcassets */,
				B33813FB2180316400DD0999 /* LaunchScreen.storyboard */,
				B33813FE2180316400DD0999 /* Info.plist */,
			);
			path = "ios exercise";
			sourceTree = "<group>";
		};
		B33814062180316400DD0999 /* ios exerciseTests */ = {
			isa = PBXGroup;
			children = (
				B33814072180316400DD0999 /* ios_exerciseTests.swift */,
				B33814092180316400DD0999 /* Info.plist */,
			);
			path = "ios exerciseTests";
			sourceTree = "<group>";
		};
		B33814112180316400DD0999 /* ios exerciseUITests */ = {
			isa = PBXGroup;
			children = (
				B33814122180316400DD0999 /* ios_exerciseUITests.swift */,
				B33814142180316400DD0999 /* Info.plist */,
			);
			path = "ios exerciseUITests";
			sourceTree = "<group>";
		};
/* End PBXGroup section */

/* Begin PBXNativeTarget section */
		B33813EE2180316300DD0999 /* ios exercise */ = {
			isa = PBXNativeTarget;
			buildConfigurationList = B33814172180316400DD0999 /* Build configuration list for PBXNativeTarget "ios exercise" */;
			buildPhases = (
				6833D8C66CD4539A9A4A4751 /* [CP] Check Pods Manifest.lock */,
				B33813EB2180316300DD0999 /* Sources */,
				B33813EC2180316300DD0999 /* Frameworks */,
				B33813ED2180316300DD0999 /* Resources */,
				C747C8A3C3AB36CFA08EA9AE /* [CP] Embed Pods Frameworks */,
			);
			buildRules = (
			);
			dependencies = (
			);
			name = "ios exercise";
			productName = "ios exercise";
			productReference = B33813EF2180316300DD0999 /* ios exercise.app */;
			productType = "com.apple.product-type.application";
		};
		B33814022180316400DD0999 /* ios exerciseTests */ = {
			isa = PBXNativeTarget;
			buildConfigurationList = B338141A2180316400DD0999 /* Build configuration list for PBXNativeTarget "ios exerciseTests" */;
			buildPhases = (
				3775AC1A4B4D8CA107182680 /* [CP] Check Pods Manifest.lock */,
				B33813FF2180316400DD0999 /* Sources */,
				B33814002180316400DD0999 /* Frameworks */,
				B33814012180316400DD0999 /* Resources */,
			);
			buildRules = (
			);
			dependencies = (
				B33814052180316400DD0999 /* PBXTargetDependency */,
			);
			name = "ios exerciseTests";
			productName = "ios exerciseTests";
			productReference = B33814032180316400DD0999 /* ios exerciseTests.xctest */;
			productType = "com.apple.product-type.bundle.unit-test";
		};
		B338140D2180316400DD0999 /* ios exerciseUITests */ = {
			isa = PBXNativeTarget;
			buildConfigurationList = B338141D2180316400DD0999 /* Build configuration list for PBXNativeTarget "ios exerciseUITests" */;
			buildPhases = (
				968198B820488163B4799C55 /* [CP] Check Pods Manifest.lock */,
				B338140A2180316400DD0999 /* Sources */,
				B338140B2180316400DD0999 /* Frameworks */,
				B338140C2180316400DD0999 /* Resources */,
			);
			buildRules = (
			);
			dependencies = (
				B33814102180316400DD0999 /* PBXTargetDependency */,
			);
			name = "ios exerciseUITests";
			productName = "ios exerciseUITests";
			productReference = B338140E2180316400DD0999 /* ios exerciseUITests.xctest */;
			productType = "com.apple.product-type.bundle.ui-testing";
		};
/* End PBXNativeTarget section */

/* Begin PBXProject section */
		B33813E72180316200DD0999 /* Project object */ = {
			isa = PBXProject;
			attributes = {
				LastSwiftUpdateCheck = 0930;
				LastUpgradeCheck = 0930;
				ORGANIZATIONNAME = afrizal;
				TargetAttributes = {
					B33813EE2180316300DD0999 = {
						CreatedOnToolsVersion = 9.3;
					};
					B33814022180316400DD0999 = {
						CreatedOnToolsVersion = 9.3;
						TestTargetID = B33813EE2180316300DD0999;
					};
					B338140D2180316400DD0999 = {
						CreatedOnToolsVersion = 9.3;
						TestTargetID = B33813EE2180316300DD0999;
					};
				};
			};
			buildConfigurationList = B33813EA2180316200DD0999 /* Build configuration list for PBXProject "ios exercise" */;
			compatibilityVersion = "Xcode 9.3";
			developmentRegion = en;
			hasScannedForEncodings = 0;
			knownRegions = (
				en,
				Base,
			);
			mainGroup = B33813E62180316200DD0999;
			productRefGroup = B33813F02180316300DD0999 /* Products */;
			projectDirPath = "";
			projectRoot = "";
			targets = (
				B33813EE2180316300DD0999 /* ios exercise */,
				B33814022180316400DD0999 /* ios exerciseTests */,
				B338140D2180316400DD0999 /* ios exerciseUITests */,
			);
		};
/* End PBXProject section */

/* Begin PBXResourcesBuildPhase section */
		B33813ED2180316300DD0999 /* Resources */ = {
			isa = PBXResourcesBuildPhase;
			buildActionMask = 2147483647;
			files = (
				B33813FD2180316400DD0999 /* LaunchScreen.storyboard in Resources */,
				B33813FA2180316400DD0999 /* Assets.xcassets in Resources */,
				B33813F82180316300DD0999 /* Main.storyboard in Resources */,
			);
			runOnlyForDeploymentPostprocessing = 0;
		};
		B33814012180316400DD0999 /* Resources */ = {
			isa = PBXResourcesBuildPhase;
			buildActionMask = 2147483647;
			files = (
			);
			runOnlyForDeploymentPostprocessing = 0;
		};
		B338140C2180316400DD0999 /* Resources */ = {
			isa = PBXResourcesBuildPhase;
			buildActionMask = 2147483647;
			files = (
			);
			runOnlyForDeploymentPostprocessing = 0;
		};
/* End PBXResourcesBuildPhase section */

/* Begin PBXShellScriptBuildPhase section */
		3775AC1A4B4D8CA107182680 /* [CP] Check Pods Manifest.lock */ = {
			isa = PBXShellScriptBuildPhase;
			buildActionMask = 2147483647;
			files = (
			);
			inputFileListPaths = (
			);
			inputPaths = (
				"${PODS_PODFILE_DIR_PATH}/Podfile.lock",
				"${PODS_ROOT}/Manifest.lock",
			);
			name = "[CP] Check Pods Manifest.lock";
			outputFileListPaths = (
			);
			outputPaths = (
				"$(DERIVED_FILE_DIR)/Pods-ios exerciseTests-checkManifestLockResult.txt",
			);
			runOnlyForDeploymentPostprocessing = 0;
			shellPath = /bin/sh;
			shellScript = "diff \"${PODS_PODFILE_DIR_PATH}/Podfile.lock\" \"${PODS_ROOT}/Manifest.lock\" > /dev/null\nif [ $? != 0 ] ; then\n    # print error to STDERR\n    echo \"error: The sandbox is not in sync with the Podfile.lock. Run 'pod install' or update your CocoaPods installation.\" >&2\n    exit 1\nfi\n# This output is used by Xcode 'outputs' to avoid re-running this script phase.\necho \"SUCCESS\" > \"${SCRIPT_OUTPUT_FILE_0}\"\n";
			showEnvVarsInLog = 0;
		};
		6833D8C66CD4539A9A4A4751 /* [CP] Check Pods Manifest.lock */ = {
			isa = PBXShellScriptBuildPhase;
			buildActionMask = 2147483647;
			files = (
			);
			inputFileListPaths = (
			);
			inputPaths = (
				"${PODS_PODFILE_DIR_PATH}/Podfile.lock",
				"${PODS_ROOT}/Manifest.lock",
			);
			name = "[CP] Check Pods Manifest.lock";
			outputFileListPaths = (
			);
			outputPaths = (
				"$(DERIVED_FILE_DIR)/Pods-ios exercise-checkManifestLockResult.txt",
			);
			runOnlyForDeploymentPostprocessing = 0;
			shellPath = /bin/sh;
			shellScript = "diff \"${PODS_PODFILE_DIR_PATH}/Podfile.lock\" \"${PODS_ROOT}/Manifest.lock\" > /dev/null\nif [ $? != 0 ] ; then\n    # print error to STDERR\n    echo \"error: The sandbox is not in sync with the Podfile.lock. Run 'pod install' or update your CocoaPods installation.\" >&2\n    exit 1\nfi\n# This output is used by Xcode 'outputs' to avoid re-running this script phase.\necho \"SUCCESS\" > \"${SCRIPT_OUTPUT_FILE_0}\"\n";
			showEnvVarsInLog = 0;
		};
		968198B820488163B4799C55 /* [CP] Check Pods Manifest.lock */ = {
			isa = PBXShellScriptBuildPhase;
			buildActionMask = 2147483647;
			files = (
			);
			inputFileListPaths = (
			);
			inputPaths = (
				"${PODS_PODFILE_DIR_PATH}/Podfile.lock",
				"${PODS_ROOT}/Manifest.lock",
			);
			name = "[CP] Check Pods Manifest.lock";
			outputFileListPaths = (
			);
			outputPaths = (
				"$(DERIVED_FILE_DIR)/Pods-ios exerciseUITests-checkManifestLockResult.txt",
			);
			runOnlyForDeploymentPostprocessing = 0;
			shellPath = /bin/sh;
			shellScript = "diff \"${PODS_PODFILE_DIR_PATH}/Podfile.lock\" \"${PODS_ROOT}/Manifest.lock\" > /dev/null\nif [ $? != 0 ] ; then\n    # print error to STDERR\n    echo \"error: The sandbox is not in sync with the Podfile.lock. Run 'pod install' or update your CocoaPods installation.\" >&2\n    exit 1\nfi\n# This output is used by Xcode 'outputs' to avoid re-running this script phase.\necho \"SUCCESS\" > \"${SCRIPT_OUTPUT_FILE_0}\"\n";
			showEnvVarsInLog = 0;
		};
		C747C8A3C3AB36CFA08EA9AE /* [CP] Embed Pods Frameworks */ = {
			isa = PBXShellScriptBuildPhase;
			buildActionMask = 2147483647;
			files = (
			);
			inputFileListPaths = (
			);
			inputPaths = (
				"${SRCROOT}/Pods/Target Support Files/Pods-ios exercise/Pods-ios exercise-frameworks.sh",
				"${BUILT_PRODUCTS_DIR}/PagingMenuController/PagingMenuController.framework",
			);
			name = "[CP] Embed Pods Frameworks";
			outputFileListPaths = (
			);
			outputPaths = (
				"${TARGET_BUILD_DIR}/${FRAMEWORKS_FOLDER_PATH}/PagingMenuController.framework",
			);
			runOnlyForDeploymentPostprocessing = 0;
			shellPath = /bin/sh;
			shellScript = "\"${SRCROOT}/Pods/Target Support Files/Pods-ios exercise/Pods-ios exercise-frameworks.sh\"\n";
			showEnvVarsInLog = 0;
		};
/* End PBXShellScriptBuildPhase section */

/* Begin PBXSourcesBuildPhase section */
		B33813EB2180316300DD0999 /* Sources */ = {
			isa = PBXSourcesBuildPhase;
			buildActionMask = 2147483647;
			files = (
				B33813F52180316300DD0999 /* ViewController.swift in Sources */,
				B33813F32180316300DD0999 /* AppDelegate.swift in Sources */,
			);
			runOnlyForDeploymentPostprocessing = 0;
		};
		B33813FF2180316400DD0999 /* Sources */ = {
			isa = PBXSourcesBuildPhase;
			buildActionMask = 2147483647;
			files = (
				B33814082180316400DD0999 /* ios_exerciseTests.swift in Sources */,
			);
			runOnlyForDeploymentPostprocessing = 0;
		};
		B338140A2180316400DD0999 /* Sources */ = {
			isa = PBXSourcesBuildPhase;
			buildActionMask = 2147483647;
			files = (
				B33814132180316400DD0999 /* ios_exerciseUITests.swift in Sources */,
			);
			runOnlyForDeploymentPostprocessing = 0;
		};
/* End PBXSourcesBuildPhase section */

/* Begin PBXTargetDependency section */
		B33814052180316400DD0999 /* PBXTargetDependency */ = {
			isa = PBXTargetDependency;
			target = B33813EE2180316300DD0999 /* ios exercise */;
			targetProxy = B33814042180316400DD0999 /* PBXContainerItemProxy */;
		};
		B33814102180316400DD0999 /* PBXTargetDependency */ = {
			isa = PBXTargetDependency;
			target = B33813EE2180316300DD0999 /* ios exercise */;
			targetProxy = B338140F2180316400DD0999 /* PBXContainerItemProxy */;
		};
/* End PBXTargetDependency section */

/* Begin PBXVariantGroup section */
		B33813F62180316300DD0999 /* Main.storyboard */ = {
			isa = PBXVariantGroup;
			children = (
				B33813F72180316300DD0999 /* Base */,
			);
			name = Main.storyboard;
			sourceTree = "<group>";
		};
		B33813FB2180316400DD0999 /* LaunchScreen.storyboard */ = {
			isa = PBXVariantGroup;
			children = (
				B33813FC2180316400DD0999 /* Base */,
			);
			name = LaunchScreen.storyboard;
			sourceTree = "<group>";
		};
/* End PBXVariantGroup section */

/* Begin XCBuildConfiguration section */
		B33814152180316400DD0999 /* Debug */ = {
			isa = XCBuildConfiguration;
			buildSettings = {
				ALWAYS_SEARCH_USER_PATHS = NO;
				CLANG_ANALYZER_NONNULL = YES;
				CLANG_ANALYZER_NUMBER_OBJECT_CONVERSION = YES_AGGRESSIVE;
				CLANG_CXX_LANGUAGE_STANDARD = "gnu++14";
				CLANG_CXX_LIBRARY = "libc++";
				CLANG_ENABLE_MODULES = YES;
				CLANG_ENABLE_OBJC_ARC = YES;
				CLANG_ENABLE_OBJC_WEAK = YES;
				CLANG_WARN_BLOCK_CAPTURE_AUTORELEASING = YES;
				CLANG_WARN_BOOL_CONVERSION = YES;
				CLANG_WARN_COMMA = YES;
				CLANG_WARN_CONSTANT_CONVERSION = YES;
				CLANG_WARN_DEPRECATED_OBJC_IMPLEMENTATIONS = YES;
				CLANG_WARN_DIRECT_OBJC_ISA_USAGE = YES_ERROR;
				CLANG_WARN_DOCUMENTATION_COMMENTS = YES;
				CLANG_WARN_EMPTY_BODY = YES;
				CLANG_WARN_ENUM_CONVERSION = YES;
				CLANG_WARN_INFINITE_RECURSION = YES;
				CLANG_WARN_INT_CONVERSION = YES;
				CLANG_WARN_NON_LITERAL_NULL_CONVERSION = YES;
				CLANG_WARN_OBJC_IMPLICIT_RETAIN_SELF = YES;
				CLANG_WARN_OBJC_LITERAL_CONVERSION = YES;
				CLANG_WARN_OBJC_ROOT_CLASS = YES_ERROR;
				CLANG_WARN_RANGE_LOOP_ANALYSIS = YES;
				CLANG_WARN_STRICT_PROTOTYPES = YES;
				CLANG_WARN_SUSPICIOUS_MOVE = YES;
				CLANG_WARN_UNGUARDED_AVAILABILITY = YES_AGGRESSIVE;
				CLANG_WARN_UNREACHABLE_CODE = YES;
				CLANG_WARN__DUPLICATE_METHOD_MATCH = YES;
				CODE_SIGN_IDENTITY = "iPhone Developer";
				COPY_PHASE_STRIP = NO;
				DEBUG_INFORMATION_FORMAT = dwarf;
				ENABLE_STRICT_OBJC_MSGSEND = YES;
				ENABLE_TESTABILITY = YES;
				GCC_C_LANGUAGE_STANDARD = gnu11;
				GCC_DYNAMIC_NO_PIC = NO;
				GCC_NO_COMMON_BLOCKS = YES;
				GCC_OPTIMIZATION_LEVEL = 0;
				GCC_PREPROCESSOR_DEFINITIONS = (
					"DEBUG=1",
					"$(inherited)",
				);
				GCC_WARN_64_TO_32_BIT_CONVERSION = YES;
				GCC_WARN_ABOUT_RETURN_TYPE = YES_ERROR;
				GCC_WARN_UNDECLARED_SELECTOR = YES;
				GCC_WARN_UNINITIALIZED_AUTOS = YES_AGGRESSIVE;
				GCC_WARN_UNUSED_FUNCTION = YES;
				GCC_WARN_UNUSED_VARIABLE = YES;
				IPHONEOS_DEPLOYMENT_TARGET = 11.3;
				MTL_ENABLE_DEBUG_INFO = YES;
				ONLY_ACTIVE_ARCH = YES;
				SDKROOT = iphoneos;
				SWIFT_ACTIVE_COMPILATION_CONDITIONS = DEBUG;
				SWIFT_OPTIMIZATION_LEVEL = "-Onone";
			};
			name = Debug;
		};
		B33814162180316400DD0999 /* Release */ = {
			isa = XCBuildConfiguration;
			buildSettings = {
				ALWAYS_SEARCH_USER_PATHS = NO;
				CLANG_ANALYZER_NONNULL = YES;
				CLANG_ANALYZER_NUMBER_OBJECT_CONVERSION = YES_AGGRESSIVE;
				CLANG_CXX_LANGUAGE_STANDARD = "gnu++14";
				CLANG_CXX_LIBRARY = "libc++";
				CLANG_ENABLE_MODULES = YES;
				CLANG_ENABLE_OBJC_ARC = YES;
				CLANG_ENABLE_OBJC_WEAK = YES;
				CLANG_WARN_BLOCK_CAPTURE_AUTORELEASING = YES;
				CLANG_WARN_BOOL_CONVERSION = YES;
				CLANG_WARN_COMMA = YES;
				CLANG_WARN_CONSTANT_CONVERSION = YES;
				CLANG_WARN_DEPRECATED_OBJC_IMPLEMENTATIONS = YES;
				CLANG_WARN_DIRECT_OBJC_ISA_USAGE = YES_ERROR;
				CLANG_WARN_DOCUMENTATION_COMMENTS = YES;
				CLANG_WARN_EMPTY_BODY = YES;
				CLANG_WARN_ENUM_CONVERSION = YES;
				CLANG_WARN_INFINITE_RECURSION = YES;
				CLANG_WARN_INT_CONVERSION = YES;
				CLANG_WARN_NON_LITERAL_NULL_CONVERSION = YES;
				CLANG_WARN_OBJC_IMPLICIT_RETAIN_SELF = YES;
				CLANG_WARN_OBJC_LITERAL_CONVERSION = YES;
				CLANG_WARN_OBJC_ROOT_CLASS = YES_ERROR;
				CLANG_WARN_RANGE_LOOP_ANALYSIS = YES;
				CLANG_WARN_STRICT_PROTOTYPES = YES;
				CLANG_WARN_SUSPICIOUS_MOVE = YES;
				CLANG_WARN_UNGUARDED_AVAILABILITY = YES_AGGRESSIVE;
				CLANG_WARN_UNREACHABLE_CODE = YES;
				CLANG_WARN__DUPLICATE_METHOD_MATCH = YES;
				CODE_SIGN_IDENTITY = "iPhone Developer";
				COPY_PHASE_STRIP = NO;
				DEBUG_INFORMATION_FORMAT = "dwarf-with-dsym";
				ENABLE_NS_ASSERTIONS = NO;
				ENABLE_STRICT_OBJC_MSGSEND = YES;
				GCC_C_LANGUAGE_STANDARD = gnu11;
				GCC_NO_COMMON_BLOCKS = YES;
				GCC_WARN_64_TO_32_BIT_CONVERSION = YES;
				GCC_WARN_ABOUT_RETURN_TYPE = YES_ERROR;
				GCC_WARN_UNDECLARED_SELECTOR = YES;
				GCC_WARN_UNINITIALIZED_AUTOS = YES_AGGRESSIVE;
				GCC_WARN_UNUSED_FUNCTION = YES;
				GCC_WARN_UNUSED_VARIABLE = YES;
				IPHONEOS_DEPLOYMENT_TARGET = 11.3;
				MTL_ENABLE_DEBUG_INFO = NO;
				SDKROOT = iphoneos;
				SWIFT_COMPILATION_MODE = wholemodule;
				SWIFT_OPTIMIZATION_LEVEL = "-O";
				VALIDATE_PRODUCT = YES;
			};
			name = Release;
		};
		B33814182180316400DD0999 /* Debug */ = {
			isa = XCBuildConfiguration;
			baseConfigurationReference = 594B2969CB9826DBC9F9ECFA /* Pods-ios exercise.debug.xcconfig */;
			buildSettings = {
				ASSETCATALOG_COMPILER_APPICON_NAME = AppIcon;
				CODE_SIGN_STYLE = Manual;
				DEVELOPMENT_TEAM = "";
				INFOPLIST_FILE = "ios exercise/Info.plist";
				IPHONEOS_DEPLOYMENT_TARGET = 9.0;
				LD_RUNPATH_SEARCH_PATHS = (
					"$(inherited)",
					"@executable_path/Frameworks",
				);
				PRODUCT_BUNDLE_IDENTIFIER = "com.afrizal.ios-exercise";
				PRODUCT_NAME = "$(TARGET_NAME)";
				PROVISIONING_PROFILE_SPECIFIER = "";
				SWIFT_VERSION = 4.0;
				TARGETED_DEVICE_FAMILY = "1,2";
			};
			name = Debug;
		};
		B33814192180316400DD0999 /* Release */ = {
			isa = XCBuildConfiguration;
			baseConfigurationReference = 9F5E702EFD9C7ECCE395D31F /* Pods-ios exercise.release.xcconfig */;
			buildSettings = {
				ASSETCATALOG_COMPILER_APPICON_NAME = AppIcon;
				CODE_SIGN_STYLE = Manual;
				DEVELOPMENT_TEAM = "";
				INFOPLIST_FILE = "ios exercise/Info.plist";
				IPHONEOS_DEPLOYMENT_TARGET = 9.0;
				LD_RUNPATH_SEARCH_PATHS = (
					"$(inherited)",
					"@executable_path/Frameworks",
				);
				PRODUCT_BUNDLE_IDENTIFIER = "com.afrizal.ios-exercise";
				PRODUCT_NAME = "$(TARGET_NAME)";
				PROVISIONING_PROFILE_SPECIFIER = "";
				SWIFT_VERSION = 4.0;
				TARGETED_DEVICE_FAMILY = "1,2";
			};
			name = Release;
		};
		B338141B2180316400DD0999 /* Debug */ = {
			isa = XCBuildConfiguration;
			baseConfigurationReference = C2E23D4507AA2F2BC47CAC52 /* Pods-ios exerciseTests.debug.xcconfig */;
			buildSettings = {
				ALWAYS_EMBED_SWIFT_STANDARD_LIBRARIES = YES;
				BUNDLE_LOADER = "$(TEST_HOST)";
				CODE_SIGN_STYLE = Automatic;
				DEVELOPMENT_TEAM = 73JEJ55QFA;
				INFOPLIST_FILE = "ios exerciseTests/Info.plist";
				LD_RUNPATH_SEARCH_PATHS = (
					"$(inherited)",
					"@executable_path/Frameworks",
					"@loader_path/Frameworks",
				);
				PRODUCT_BUNDLE_IDENTIFIER = "com.afrizal.ios-exerciseTests";
				PRODUCT_NAME = "$(TARGET_NAME)";
				SWIFT_VERSION = 4.0;
				TARGETED_DEVICE_FAMILY = "1,2";
				TEST_HOST = "$(BUILT_PRODUCTS_DIR)/ios exercise.app/ios exercise";
			};
			name = Debug;
		};
		B338141C2180316400DD0999 /* Release */ = {
			isa = XCBuildConfiguration;
			baseConfigurationReference = 39B086B432C825A7B865831C /* Pods-ios exerciseTests.release.xcconfig */;
			buildSettings = {
				ALWAYS_EMBED_SWIFT_STANDARD_LIBRARIES = YES;
				BUNDLE_LOADER = "$(TEST_HOST)";
				CODE_SIGN_STYLE = Automatic;
				DEVELOPMENT_TEAM = 73JEJ55QFA;
				INFOPLIST_FILE = "ios exerciseTests/Info.plist";
				LD_RUNPATH_SEARCH_PATHS = (
					"$(inherited)",
					"@executable_path/Frameworks",
					"@loader_path/Frameworks",
				);
				PRODUCT_BUNDLE_IDENTIFIER = "com.afrizal.ios-exerciseTests";
				PRODUCT_NAME = "$(TARGET_NAME)";
				SWIFT_VERSION = 4.0;
				TARGETED_DEVICE_FAMILY = "1,2";
				TEST_HOST = "$(BUILT_PRODUCTS_DIR)/ios exercise.app/ios exercise";
			};
			name = Release;
		};
		B338141E2180316400DD0999 /* Debug */ = {
			isa = XCBuildConfiguration;
			baseConfigurationReference = 19F224B2497106FFAA668C67 /* Pods-ios exerciseUITests.debug.xcconfig */;
			buildSettings = {
				ALWAYS_EMBED_SWIFT_STANDARD_LIBRARIES = YES;
				CODE_SIGN_STYLE = Automatic;
				DEVELOPMENT_TEAM = 73JEJ55QFA;
				INFOPLIST_FILE = "ios exerciseUITests/Info.plist";
				LD_RUNPATH_SEARCH_PATHS = (
					"$(inherited)",
					"@executable_path/Frameworks",
					"@loader_path/Frameworks",
				);
				PRODUCT_BUNDLE_IDENTIFIER = "com.afrizal.ios-exerciseUITests";
				PRODUCT_NAME = "$(TARGET_NAME)";
				SWIFT_VERSION = 4.0;
				TARGETED_DEVICE_FAMILY = "1,2";
				TEST_TARGET_NAME = "ios exercise";
			};
			name = Debug;
		};
		B338141F2180316400DD0999 /* Release */ = {
			isa = XCBuildConfiguration;
			baseConfigurationReference = ED831A441D66922E36CF227D /* Pods-ios exerciseUITests.release.xcconfig */;
			buildSettings = {
				ALWAYS_EMBED_SWIFT_STANDARD_LIBRARIES = YES;
				CODE_SIGN_STYLE = Automatic;
				DEVELOPMENT_TEAM = 73JEJ55QFA;
				INFOPLIST_FILE = "ios exerciseUITests/Info.plist";
				LD_RUNPATH_SEARCH_PATHS = (
					"$(inherited)",
					"@executable_path/Frameworks",
					"@loader_path/Frameworks",
				);
				PRODUCT_BUNDLE_IDENTIFIER = "com.afrizal.ios-exerciseUITests";
				PRODUCT_NAME = "$(TARGET_NAME)";
				SWIFT_VERSION = 4.0;
				TARGETED_DEVICE_FAMILY = "1,2";
				TEST_TARGET_NAME = "ios exercise";
			};
			name = Release;
		};
/* End XCBuildConfiguration section */

/* Begin XCConfigurationList section */
		B33813EA2180316200DD0999 /* Build configuration list for PBXProject "ios exercise" */ = {
			isa = XCConfigurationList;
			buildConfigurations = (
				B33814152180316400DD0999 /* Debug */,
				B33814162180316400DD0999 /* Release */,
			);
			defaultConfigurationIsVisible = 0;
			defaultConfigurationName = Release;
		};
		B33814172180316400DD0999 /* Build configuration list for PBXNativeTarget "ios exercise" */ = {
			isa = XCConfigurationList;
			buildConfigurations = (
				B33814182180316400DD0999 /* Debug */,
				B33814192180316400DD0999 /* Release */,
			);
			defaultConfigurationIsVisible = 0;
			defaultConfigurationName = Release;
		};
		B338141A2180316400DD0999 /* Build configuration list for PBXNativeTarget "ios exerciseTests" */ = {
			isa = XCConfigurationList;
			buildConfigurations = (
				B338141B2180316400DD0999 /* Debug */,
				B338141C2180316400DD0999 /* Release */,
			);
			defaultConfigurationIsVisible = 0;
			defaultConfigurationName = Release;
		};
		B338141D2180316400DD0999 /* Build configuration list for PBXNativeTarget "ios exerciseUITests" */ = {
			isa = XCConfigurationList;
			buildConfigurations = (
				B338141E2180316400DD0999 /* Debug */,
				B338141F2180316400DD0999 /* Release */,
			);
			defaultConfigurationIsVisible = 0;
			defaultConfigurationName = Release;
		};
/* End XCConfigurationList section */
	};
	rootObject = B33813E72180316200DD0999 /* Project object */;
}
